{
  "version": 4,
  "terraform_version": "1.3.1",
  "serial": 5,
  "lineage": "39b9a3af-d988-10a1-b690-da1748a1ee3f",
  "outputs": {},
  "resources": [
    {
      "mode": "managed",
      "type": "docker_image",
      "name": "nginx",
      "provider": "provider[\"registry.terraform.io/kreuzwerker/docker\"]",
      "instances": [
        {
          "schema_version": 0,
          "attributes": {
            "build": [],
            "force_remove": null,
            "id": "sha256:96103c3d2ee7a6140d045bf9d5057a61865cd6742aa894aec9490d0b5e9bf172ghcr.io/nathanbruggeman/iot_taak_2/bert:sha-1c638bf",
            "image_id": "sha256:96103c3d2ee7a6140d045bf9d5057a61865cd6742aa894aec9490d0b5e9bf172",
            "keep_locally": false,
            "latest": "sha256:96103c3d2ee7a6140d045bf9d5057a61865cd6742aa894aec9490d0b5e9bf172",
            "name": "ghcr.io/nathanbruggeman/iot_taak_2/bert:sha-1c638bf",
            "output": null,
            "pull_trigger": null,
            "pull_triggers": null,
            "repo_digest": "ghcr.io/nathanbruggeman/iot_taak_2/bert@sha256:621bc8a8d7b47b08495766be19711284a45d6f0764c77b97f97f7e4a945618dc",
            "triggers": null
          },
          "sensitive_attributes": [],
          "private": "bnVsbA=="
        }
      ]
    }
  ],
  "check_results": []
}
